
Microsoft Visual Studio Solution File, Format Version 12.00
# Visual Studio Version 16
VisualStudioVersion = 16.0.31702.278
MinimumVisualStudioVersion = 10.0.40219.1
Project("{FAE04EC0-301F-11D3-BF4B-00C04F79EFBC}") = "metod", "metod\metod.csproj", "{01160AA6-13A7-4C6D-B7CD-EF3CACCD0275}"
EndProject
Global
	GlobalSection(SolutionConfigurationPlatforms) = preSolution
		Debug|Any CPU = Debug|Any CPU
		Release|Any CPU = Release|Any CPU
	EndGlobalSection
	GlobalSection(ProjectConfigurationPlatforms) = postSolution
		{01160AA6-13A7-4C6D-B7CD-EF3CACCD0275}.Debug|Any CPU.ActiveCfg = Debug|Any CPU
		{01160AA6-13A7-4C6D-B7CD-EF3CACCD0275}.Debug|Any CPU.Build.0 = Debug|Any CPU
		{01160AA6-13A7-4C6D-B7CD-EF3CACCD0275}.Release|Any CPU.ActiveCfg = Release|Any CPU
		{01160AA6-13A7-4C6D-B7CD-EF3CACCD0275}.Release|Any CPU.Build.0 = Release|Any CPU
	EndGlobalSection
	GlobalSection(SolutionProperties) = preSolution
		HideSolutionNode = FALSE
	EndGlobalSection
	GlobalSection(ExtensibilityGlobals) = postSolution
		SolutionGuid = {EE7C9ECB-D60C-4439-A007-A8F430770787}
	EndGlobalSection
EndGlobal
